Microsoft Visual Studio Solution File, Format Version 12.00
# Visual Studio Version 17
VisualStudioVersion = 17.0.31903.59
MinimumVisualStudioVersion = 10.0.40219.1
Project("{9A19103F-16F7-4668-BE54-9A1E7A4F7556}") = "AnoCore.Abstractions", "src\AnoCore.Abstractions\AnoCore.Abstractions.csproj", "{7CA361CC-C3A2-4CBF-95BB-1F8645DA18C9}"
EndProject
Project("{9A19103F-16F7-4668-BE54-9A1E7A4F7556}") = "AnoCore.Runtime", "src\AnoCore.Runtime\AnoCore.Runtime.csproj", "{A139E40F-5027-47ED-A834-CE901D8283A3}"
EndProject
Project("{9A19103F-16F7-4668-BE54-9A1E7A4F7556}") = "AnoCore.Plugin", "src\AnoCore.Plugin\AnoCore.Plugin.csproj", "{07308D22-FC12-4906-A91C-A88CB0016E5B}"
EndProject
Project("{9A19103F-16F7-4668-BE54-9A1E7A4F7556}") = "AnoCore.Modules.AnoVeto", "src\AnoCore.Modules.AnoVeto\AnoCore.Modules.AnoVeto.csproj", "{10D13F95-F85B-4DBB-838F-D532B1BCDF14}"
EndProject
Project("{9A19103F-16F7-4668-BE54-9A1E7A4F7556}") = "AnoCore.Modules.Admin", "src\AnoCore.Modules.Admin\AnoCore.Modules.Admin.csproj", "{8A1B5B41-90E9-4C12-9EBE-4E9DD0C38A43}"
EndProject
Project("{9A19103F-16F7-4668-BE54-9A1E7A4F7556}") = "AnoCore.Modules.Stats", "src\AnoCore.Modules.Stats\AnoCore.Modules.Stats.csproj", "{F94B8517-1207-4B91-895C-030107215E24}"
EndProject
Project("{9A19103F-16F7-4668-BE54-9A1E7A4F7556}") = "AnoCore.Modules.Progression", "src\AnoCore.Modules.Progression\AnoCore.Modules.Progression.csproj", "{C2F1A0B6-ED46-45C0-9A61-2E741A1C6A70}"
EndProject
Project("{9A19103F-16F7-4668-BE54-9A1E7A4F7556}") = "AnoCore.Modules.Tournament", "src\AnoCore.Modules.Tournament\AnoCore.Modules.Tournament.csproj", "{6F7B734D-2A0D-4D7D-9C21-630FC0E973E8}"
EndProject
Project("{9A19103F-16F7-4668-BE54-9A1E7A4F7556}") = "AnoCore.Modules.Tournament.Persistence", "src\AnoCore.Modules.Tournament.Persistence\AnoCore.Modules.Tournament.Persistence.csproj", "{B42F6F7D-1E7B-4D40-9D42-A2B0E4B4E8A1}"
EndProject
Project("{9A19103F-16F7-4668-BE54-9A1E7A4F7556}") = "AnoCore.Tests", "tests\AnoCore.Tests\AnoCore.Tests.csproj", "{5ED6BC30-47FB-4EBD-A292-19147447F055}"
EndProject
Global
  GlobalSection(SolutionConfigurationPlatforms) = preSolution
    Debug|Any CPU = Debug|Any CPU
    Release|Any CPU = Release|Any CPU
  EndGlobalSection
  GlobalSection(ProjectConfigurationPlatforms) = postSolution
    {7CA361CC-C3A2-4CBF-95BB-1F8645DA18C9}.Debug|Any CPU.ActiveCfg = Debug|Any CPU
    {7CA361CC-C3A2-4CBF-95BB-1F8645DA18C9}.Debug|Any CPU.Build.0 = Debug|Any CPU
    {7CA361CC-C3A2-4CBF-95BB-1F8645DA18C9}.Release|Any CPU.ActiveCfg = Release|Any CPU
    {7CA361CC-C3A2-4CBF-95BB-1F8645DA18C9}.Release|Any CPU.Build.0 = Release|Any CPU
    {A139E40F-5027-47ED-A834-CE901D8283A3}.Debug|Any CPU.ActiveCfg = Debug|Any CPU
    {A139E40F-5027-47ED-A834-CE901D8283A3}.Debug|Any CPU.Build.0 = Debug|Any CPU
    {A139E40F-5027-47ED-A834-CE901D8283A3}.Release|Any CPU.ActiveCfg = Release|Any CPU
    {A139E40F-5027-47ED-A834-CE901D8283A3}.Release|Any CPU.Build.0 = Release|Any CPU
    {07308D22-FC12-4906-A91C-A88CB0016E5B}.Debug|Any CPU.ActiveCfg = Debug|Any CPU
    {07308D22-FC12-4906-A91C-A88CB0016E5B}.Debug|Any CPU.Build.0 = Debug|Any CPU
    {07308D22-FC12-4906-A91C-A88CB0016E5B}.Release|Any CPU.ActiveCfg = Release|Any CPU
    {07308D22-FC12-4906-A91C-A88CB0016E5B}.Release|Any CPU.Build.0 = Release|Any CPU
    {10D13F95-F85B-4DBB-838F-D532B1BCDF14}.Debug|Any CPU.ActiveCfg = Debug|Any CPU
    {10D13F95-F85B-4DBB-838F-D532B1BCDF14}.Debug|Any CPU.Build.0 = Debug|Any CPU
    {10D13F95-F85B-4DBB-838F-D532B1BCDF14}.Release|Any CPU.ActiveCfg = Release|Any CPU
    {10D13F95-F85B-4DBB-838F-D532B1BCDF14}.Release|Any CPU.Build.0 = Release|Any CPU
    {8A1B5B41-90E9-4C12-9EBE-4E9DD0C38A43}.Debug|Any CPU.ActiveCfg = Debug|Any CPU
    {8A1B5B41-90E9-4C12-9EBE-4E9DD0C38A43}.Debug|Any CPU.Build.0 = Debug|Any CPU
    {8A1B5B41-90E9-4C12-9EBE-4E9DD0C38A43}.Release|Any CPU.ActiveCfg = Release|Any CPU
    {8A1B5B41-90E9-4C12-9EBE-4E9DD0C38A43}.Release|Any CPU.Build.0 = Release|Any CPU
    {F94B8517-1207-4B91-895C-030107215E24}.Debug|Any CPU.ActiveCfg = Debug|Any CPU
    {F94B8517-1207-4B91-895C-030107215E24}.Debug|Any CPU.Build.0 = Debug|Any CPU
    {F94B8517-1207-4B91-895C-030107215E24}.Release|Any CPU.ActiveCfg = Release|Any CPU
    {F94B8517-1207-4B91-895C-030107215E24}.Release|Any CPU.Build.0 = Release|Any CPU
    {C2F1A0B6-ED46-45C0-9A61-2E741A1C6A70}.Debug|Any CPU.ActiveCfg = Debug|Any CPU
    {C2F1A0B6-ED46-45C0-9A61-2E741A1C6A70}.Debug|Any CPU.Build.0 = Debug|Any CPU
    {C2F1A0B6-ED46-45C0-9A61-2E741A1C6A70}.Release|Any CPU.ActiveCfg = Release|Any CPU
    {C2F1A0B6-ED46-45C0-9A61-2E741A1C6A70}.Release|Any CPU.Build.0 = Release|Any CPU
    {6F7B734D-2A0D-4D7D-9C21-630FC0E973E8}.Debug|Any CPU.ActiveCfg = Debug|Any CPU
    {6F7B734D-2A0D-4D7D-9C21-630FC0E973E8}.Debug|Any CPU.Build.0 = Debug|Any CPU
    {6F7B734D-2A0D-4D7D-9C21-630FC0E973E8}.Release|Any CPU.ActiveCfg = Release|Any CPU
    {6F7B734D-2A0D-4D7D-9C21-630FC0E973E8}.Release|Any CPU.Build.0 = Release|Any CPU
    {B42F6F7D-1E7B-4D40-9D42-A2B0E4B4E8A1}.Debug|Any CPU.ActiveCfg = Debug|Any CPU
    {B42F6F7D-1E7B-4D40-9D42-A2B0E4B4E8A1}.Debug|Any CPU.Build.0 = Debug|Any CPU
    {B42F6F7D-1E7B-4D40-9D42-A2B0E4B4E8A1}.Release|Any CPU.ActiveCfg = Release|Any CPU
    {B42F6F7D-1E7B-4D40-9D42-A2B0E4B4E8A1}.Release|Any CPU.Build.0 = Release|Any CPU
    {5ED6BC30-47FB-4EBD-A292-19147447F055}.Debug|Any CPU.ActiveCfg = Debug|Any CPU
    {5ED6BC30-47FB-4EBD-A292-19147447F055}.Debug|Any CPU.Build.0 = Debug|Any CPU
    {5ED6BC30-47FB-4EBD-A292-19147447F055}.Release|Any CPU.ActiveCfg = Release|Any CPU
    {5ED6BC30-47FB-4EBD-A292-19147447F055}.Release|Any CPU.Build.0 = Release|Any CPU
  EndGlobalSection
EndGlobal
